
Microsoft Visual Studio Solution File, Format Version 12.00
# Visual Studio 15
VisualStudioVersion = 15.0.27428.2037
MinimumVisualStudioVersion = 10.0.40219.1
Project("{9A19103F-16F7-4668-BE54-9A1E7A4F7556}") = "Core", "Core\Core.csproj", "{BB57E202-4EDA-4E0E-B105-84702316FE8E}"
EndProject
Project("{9A19103F-16F7-4668-BE54-9A1E7A4F7556}") = "Infrastructure.StaticTestData", "Infrastructure.StaticTestData\Infrastructure.StaticTestData.csproj", "{893480AC-F7AD-4871-AE4C-28971A00509A}"
EndProject
Project("{9A19103F-16F7-4668-BE54-9A1E7A4F7556}") = "WebApi", "WebApi\WebApi.csproj", "{83483BE6-562A-4329-A4F9-E56155D902F8}"
EndProject
Project("{2150E333-8FDC-42A3-9474-1A3956D46DE8}") = "_stylecop", "_stylecop", "{46D6655D-AC94-4190-95D0-A501B5AB3F70}"
	ProjectSection(SolutionItems) = preProject
		_stylecop\stylecop.json = _stylecop\stylecop.json
		_stylecop\StyleCopeRules.ruleset = _stylecop\StyleCopeRules.ruleset
	EndProjectSection
EndProject
Project("{2150E333-8FDC-42A3-9474-1A3956D46DE8}") = "Tests", "Tests", "{A66C1520-28EC-4E6B-B50F-7BF013DDBCA0}"
EndProject
Project("{FAE04EC0-301F-11D3-BF4B-00C04F79EFBC}") = "Core.Tests", "Core.Tests\Core.Tests.csproj", "{7DB65A3D-0E0C-469C-BD87-D65E7E0DDC15}"
EndProject
Global
	GlobalSection(SolutionConfigurationPlatforms) = preSolution
		Debug|Any CPU = Debug|Any CPU
		Release|Any CPU = Release|Any CPU
	EndGlobalSection
	GlobalSection(ProjectConfigurationPlatforms) = postSolution
		{BB57E202-4EDA-4E0E-B105-84702316FE8E}.Debug|Any CPU.ActiveCfg = Debug|Any CPU
		{BB57E202-4EDA-4E0E-B105-84702316FE8E}.Debug|Any CPU.Build.0 = Debug|Any CPU
		{BB57E202-4EDA-4E0E-B105-84702316FE8E}.Release|Any CPU.ActiveCfg = Release|Any CPU
		{BB57E202-4EDA-4E0E-B105-84702316FE8E}.Release|Any CPU.Build.0 = Release|Any CPU
		{893480AC-F7AD-4871-AE4C-28971A00509A}.Debug|Any CPU.ActiveCfg = Debug|Any CPU
		{893480AC-F7AD-4871-AE4C-28971A00509A}.Debug|Any CPU.Build.0 = Debug|Any CPU
		{893480AC-F7AD-4871-AE4C-28971A00509A}.Release|Any CPU.ActiveCfg = Release|Any CPU
		{893480AC-F7AD-4871-AE4C-28971A00509A}.Release|Any CPU.Build.0 = Release|Any CPU
		{83483BE6-562A-4329-A4F9-E56155D902F8}.Debug|Any CPU.ActiveCfg = Debug|Any CPU
		{83483BE6-562A-4329-A4F9-E56155D902F8}.Debug|Any CPU.Build.0 = Debug|Any CPU
		{83483BE6-562A-4329-A4F9-E56155D902F8}.Release|Any CPU.ActiveCfg = Release|Any CPU
		{83483BE6-562A-4329-A4F9-E56155D902F8}.Release|Any CPU.Build.0 = Release|Any CPU
		{7DB65A3D-0E0C-469C-BD87-D65E7E0DDC15}.Debug|Any CPU.ActiveCfg = Debug|Any CPU
		{7DB65A3D-0E0C-469C-BD87-D65E7E0DDC15}.Debug|Any CPU.Build.0 = Debug|Any CPU
		{7DB65A3D-0E0C-469C-BD87-D65E7E0DDC15}.Release|Any CPU.ActiveCfg = Release|Any CPU
		{7DB65A3D-0E0C-469C-BD87-D65E7E0DDC15}.Release|Any CPU.Build.0 = Release|Any CPU
	EndGlobalSection
	GlobalSection(SolutionProperties) = preSolution
		HideSolutionNode = FALSE
	EndGlobalSection
	GlobalSection(NestedProjects) = preSolution
		{7DB65A3D-0E0C-469C-BD87-D65E7E0DDC15} = {A66C1520-28EC-4E6B-B50F-7BF013DDBCA0}
	EndGlobalSection
	GlobalSection(ExtensibilityGlobals) = postSolution
		SolutionGuid = {5E77207D-2AC8-47C7-97C1-30326DF58E25}
	EndGlobalSection
EndGlobal
